
Microsoft Visual Studio Solution File, Format Version 12.00
# Visual Studio 2012
Project("{8BC9CEB8-8B4A-11D0-8D11-00A0C91BC942}") = "task_6_28", "task_6_28\task_6_28.vcxproj", "{A4876BCF-803A-4F64-A883-54825933A5A5}"
EndProject
Global
	GlobalSection(SolutionConfigurationPlatforms) = preSolution
		Debug|Win32 = Debug|Win32
		Release|Win32 = Release|Win32
	EndGlobalSection
	GlobalSection(ProjectConfigurationPlatforms) = postSolution
		{A4876BCF-803A-4F64-A883-54825933A5A5}.Debug|Win32.ActiveCfg = Debug|Win32
		{A4876BCF-803A-4F64-A883-54825933A5A5}.Debug|Win32.Build.0 = Debug|Win32
		{A4876BCF-803A-4F64-A883-54825933A5A5}.Release|Win32.ActiveCfg = Release|Win32
		{A4876BCF-803A-4F64-A883-54825933A5A5}.Release|Win32.Build.0 = Release|Win32
	EndGlobalSection
	GlobalSection(SolutionProperties) = preSolution
		HideSolutionNode = FALSE
	EndGlobalSection
EndGlobal
