
Microsoft Visual Studio Solution File, Format Version 12.00
# Visual Studio 2012
Project("{8BC9CEB8-8B4A-11D0-8D11-00A0C91BC942}") = "task-4_125", "task-4_125\task-4_125.vcxproj", "{0F2E18E7-412D-43A7-A8DF-6C528B8C7873}"
EndProject
Global
	GlobalSection(SolutionConfigurationPlatforms) = preSolution
		Debug|Win32 = Debug|Win32
		Release|Win32 = Release|Win32
	EndGlobalSection
	GlobalSection(ProjectConfigurationPlatforms) = postSolution
		{0F2E18E7-412D-43A7-A8DF-6C528B8C7873}.Debug|Win32.ActiveCfg = Debug|Win32
		{0F2E18E7-412D-43A7-A8DF-6C528B8C7873}.Debug|Win32.Build.0 = Debug|Win32
		{0F2E18E7-412D-43A7-A8DF-6C528B8C7873}.Release|Win32.ActiveCfg = Release|Win32
		{0F2E18E7-412D-43A7-A8DF-6C528B8C7873}.Release|Win32.Build.0 = Release|Win32
	EndGlobalSection
	GlobalSection(SolutionProperties) = preSolution
		HideSolutionNode = FALSE
	EndGlobalSection
EndGlobal
