
Microsoft Visual Studio Solution File, Format Version 12.00
# Visual Studio 2012
Project("{8BC9CEB8-8B4A-11D0-8D11-00A0C91BC942}") = "task_11_234", "task_11_234\task_11_234.vcxproj", "{FD885776-B950-488E-88A4-CBBA8CD83D63}"
EndProject
Global
	GlobalSection(SolutionConfigurationPlatforms) = preSolution
		Debug|Win32 = Debug|Win32
		Release|Win32 = Release|Win32
	EndGlobalSection
	GlobalSection(ProjectConfigurationPlatforms) = postSolution
		{FD885776-B950-488E-88A4-CBBA8CD83D63}.Debug|Win32.ActiveCfg = Debug|Win32
		{FD885776-B950-488E-88A4-CBBA8CD83D63}.Debug|Win32.Build.0 = Debug|Win32
		{FD885776-B950-488E-88A4-CBBA8CD83D63}.Release|Win32.ActiveCfg = Release|Win32
		{FD885776-B950-488E-88A4-CBBA8CD83D63}.Release|Win32.Build.0 = Release|Win32
	EndGlobalSection
	GlobalSection(SolutionProperties) = preSolution
		HideSolutionNode = FALSE
	EndGlobalSection
EndGlobal
